# @generated - this file is auto-generated by `mise lock` https://mise.jdx.dev/dev-tools/mise-lock.html

[[tools."http:composer"]]
version = "2"
backend = "http:composer"

[[tools."http:php"]]
version = "8.4"
backend = "http:php"

[[tools.node]]
version = "20.5.1"
backend = "core:node"

[tools.node."platforms.linux-arm64"]
checksum = "sha256:bb7321b4555abdf9fcd62426a23993f3610ac4c18d6fb843e35c2f8add631510"
url = "https://nodejs.org/dist/v20.5.1/node-v20.5.1-linux-arm64.tar.gz"

[tools.node."platforms.linux-arm64-musl"]
checksum = "sha256:bb7321b4555abdf9fcd62426a23993f3610ac4c18d6fb843e35c2f8add631510"
url = "https://nodejs.org/dist/v20.5.1/node-v20.5.1-linux-arm64.tar.gz"

[tools.node."platforms.linux-x64"]
checksum = "sha256:a8678ae00425acdf692e943e3f1cea11a4c46281e4257b82886423bd4ef6f2b5"
url = "https://nodejs.org/dist/v20.5.1/node-v20.5.1-linux-x64.tar.gz"

[tools.node."platforms.linux-x64-musl"]
checksum = "sha256:a8678ae00425acdf692e943e3f1cea11a4c46281e4257b82886423bd4ef6f2b5"
url = "https://nodejs.org/dist/v20.5.1/node-v20.5.1-linux-x64.tar.gz"

[tools.node."platforms.macos-arm64"]
checksum = "sha256:9cc794517788aee103dfcffa04d0b90ac33854b0d10eb11a26ba4be38403f731"
url = "https://nodejs.org/dist/v20.5.1/node-v20.5.1-darwin-arm64.tar.gz"

[tools.node."platforms.macos-x64"]
checksum = "sha256:7a451dd07551a14ce64afdcc5bf8a71df12558edc19a2a9446e37cefe1e572fb"
url = "https://nodejs.org/dist/v20.5.1/node-v20.5.1-darwin-x64.tar.gz"

[tools.node."platforms.windows-x64"]
checksum = "sha256:5d2596a00699fadf0ffa8e651f47ff5d719991014b920544d59c80d78569d42f"
url = "https://nodejs.org/dist/v20.5.1/node-v20.5.1-win-x64.zip"

[[tools.postgres]]
version = "17.9"
backend = "vfox:mise-plugins/vfox-postgres"
